
Microsoft Visual Studio Solution File, Format Version 12.00
# Visual Studio Version 17
VisualStudioVersion = 17.4.33403.182
MinimumVisualStudioVersion = 10.0.40219.1
Project("{FAE04EC0-301F-11D3-BF4B-00C04F79EFBC}") = "Module14", "Module14\Module14.csproj", "{DF687178-244C-46AB-AD3D-B9A784B8627D}"
EndProject
Global
	GlobalSection(SolutionConfigurationPlatforms) = preSolution
		Debug|Any CPU = Debug|Any CPU
		Release|Any CPU = Release|Any CPU
	EndGlobalSection
	GlobalSection(ProjectConfigurationPlatforms) = postSolution
		{DF687178-244C-46AB-AD3D-B9A784B8627D}.Debug|Any CPU.ActiveCfg = Debug|Any CPU
		{DF687178-244C-46AB-AD3D-B9A784B8627D}.Debug|Any CPU.Build.0 = Debug|Any CPU
		{DF687178-244C-46AB-AD3D-B9A784B8627D}.Release|Any CPU.ActiveCfg = Release|Any CPU
		{DF687178-244C-46AB-AD3D-B9A784B8627D}.Release|Any CPU.Build.0 = Release|Any CPU
	EndGlobalSection
	GlobalSection(SolutionProperties) = preSolution
		HideSolutionNode = FALSE
	EndGlobalSection
	GlobalSection(ExtensibilityGlobals) = postSolution
		SolutionGuid = {DCF95C89-A413-48DC-8695-3A423D618F30}
	EndGlobalSection
EndGlobal
